
Microsoft Visual Studio Solution File, Format Version 12.00
# Visual Studio 14
VisualStudioVersion = 14.0.25420.1
MinimumVisualStudioVersion = 10.0.40219.1
Project("{2150E333-8FDC-42A3-9474-1A3956D46DE8}") = "Core", "Core", "{903A073F-3643-42BC-8209-1F1D23BD79FD}"
EndProject
Project("{2150E333-8FDC-42A3-9474-1A3956D46DE8}") = "Test", "Test", "{96D3A26C-21D4-4B71-8510-37B2F9B6EB9F}"
EndProject
Project("{FAE04EC0-301F-11D3-BF4B-00C04F79EFBC}") = "Renegade", "Test\Renegade\Renegade.csproj", "{FBF4C3AE-6F99-457A-8C4E-3DC8ED9F681A}"
EndProject
Project("{2150E333-8FDC-42A3-9474-1A3956D46DE8}") = "Common", "Common", "{66D67BE5-2CEA-4595-9F53-CAB81D456D9F}"
EndProject
Project("{FAE04EC0-301F-11D3-BF4B-00C04F79EFBC}") = "Data", "Core\Common\Data\Data.csproj", "{E9A6231E-DE22-4D91-8844-778475B2D67D}"
EndProject
Global
	GlobalSection(SolutionConfigurationPlatforms) = preSolution
		Debug|Any CPU = Debug|Any CPU
		Debug|x64 = Debug|x64
		Release|Any CPU = Release|Any CPU
		Release|x64 = Release|x64
	EndGlobalSection
	GlobalSection(ProjectConfigurationPlatforms) = postSolution
		{FBF4C3AE-6F99-457A-8C4E-3DC8ED9F681A}.Debug|Any CPU.ActiveCfg = Debug|Any CPU
		{FBF4C3AE-6F99-457A-8C4E-3DC8ED9F681A}.Debug|Any CPU.Build.0 = Debug|Any CPU
		{FBF4C3AE-6F99-457A-8C4E-3DC8ED9F681A}.Debug|x64.ActiveCfg = Debug|x64
		{FBF4C3AE-6F99-457A-8C4E-3DC8ED9F681A}.Debug|x64.Build.0 = Debug|x64
		{FBF4C3AE-6F99-457A-8C4E-3DC8ED9F681A}.Release|Any CPU.ActiveCfg = Release|x64
		{FBF4C3AE-6F99-457A-8C4E-3DC8ED9F681A}.Release|Any CPU.Build.0 = Release|x64
		{FBF4C3AE-6F99-457A-8C4E-3DC8ED9F681A}.Release|x64.ActiveCfg = Release|x64
		{FBF4C3AE-6F99-457A-8C4E-3DC8ED9F681A}.Release|x64.Build.0 = Release|x64
		{E9A6231E-DE22-4D91-8844-778475B2D67D}.Debug|Any CPU.ActiveCfg = Debug|Any CPU
		{E9A6231E-DE22-4D91-8844-778475B2D67D}.Debug|Any CPU.Build.0 = Debug|Any CPU
		{E9A6231E-DE22-4D91-8844-778475B2D67D}.Debug|x64.ActiveCfg = Debug|x64
		{E9A6231E-DE22-4D91-8844-778475B2D67D}.Debug|x64.Build.0 = Debug|x64
		{E9A6231E-DE22-4D91-8844-778475B2D67D}.Release|Any CPU.ActiveCfg = Release|x64
		{E9A6231E-DE22-4D91-8844-778475B2D67D}.Release|Any CPU.Build.0 = Release|x64
		{E9A6231E-DE22-4D91-8844-778475B2D67D}.Release|x64.ActiveCfg = Release|x64
		{E9A6231E-DE22-4D91-8844-778475B2D67D}.Release|x64.Build.0 = Release|x64
	EndGlobalSection
	GlobalSection(SolutionProperties) = preSolution
		HideSolutionNode = FALSE
	EndGlobalSection
	GlobalSection(NestedProjects) = preSolution
		{FBF4C3AE-6F99-457A-8C4E-3DC8ED9F681A} = {96D3A26C-21D4-4B71-8510-37B2F9B6EB9F}
		{66D67BE5-2CEA-4595-9F53-CAB81D456D9F} = {903A073F-3643-42BC-8209-1F1D23BD79FD}
		{E9A6231E-DE22-4D91-8844-778475B2D67D} = {66D67BE5-2CEA-4595-9F53-CAB81D456D9F}
	EndGlobalSection
EndGlobal
